
Microsoft Visual Studio Solution File, Format Version 12.00
# Visual Studio Version 16
VisualStudioVersion = 16.0.31613.86
MinimumVisualStudioVersion = 10.0.40219.1
Project("{FAE04EC0-301F-11D3-BF4B-00C04F79EFBC}") = "TheShop", "TheShop\TheShop.csproj", "{72C6A701-A607-4030-8A52-D004440C2AA1}"
EndProject
Project("{FAE04EC0-301F-11D3-BF4B-00C04F79EFBC}") = "TheShop.Services", "TheShop.Services\TheShop.Services.csproj", "{114BCF7D-8F32-4139-8F25-A5EED9C50924}"
EndProject
Project("{FAE04EC0-301F-11D3-BF4B-00C04F79EFBC}") = "TheShop.Repository", "TheShop.Repository\TheShop.Repository.csproj", "{3BBA7C70-30A9-4E96-BCB8-13F48780E05A}"
EndProject
Project("{FAE04EC0-301F-11D3-BF4B-00C04F79EFBC}") = "TheShop.Domain", "TheShop.Domain\TheShop.Domain.csproj", "{1740A3B9-AF5E-4B1C-8669-19BB6BC65530}"
EndProject
Global
	GlobalSection(SolutionConfigurationPlatforms) = preSolution
		Debug|Any CPU = Debug|Any CPU
		Release|Any CPU = Release|Any CPU
	EndGlobalSection
	GlobalSection(ProjectConfigurationPlatforms) = postSolution
		{72C6A701-A607-4030-8A52-D004440C2AA1}.Debug|Any CPU.ActiveCfg = Debug|Any CPU
		{72C6A701-A607-4030-8A52-D004440C2AA1}.Debug|Any CPU.Build.0 = Debug|Any CPU
		{72C6A701-A607-4030-8A52-D004440C2AA1}.Release|Any CPU.ActiveCfg = Release|Any CPU
		{72C6A701-A607-4030-8A52-D004440C2AA1}.Release|Any CPU.Build.0 = Release|Any CPU
		{114BCF7D-8F32-4139-8F25-A5EED9C50924}.Debug|Any CPU.ActiveCfg = Debug|Any CPU
		{114BCF7D-8F32-4139-8F25-A5EED9C50924}.Debug|Any CPU.Build.0 = Debug|Any CPU
		{114BCF7D-8F32-4139-8F25-A5EED9C50924}.Release|Any CPU.ActiveCfg = Release|Any CPU
		{114BCF7D-8F32-4139-8F25-A5EED9C50924}.Release|Any CPU.Build.0 = Release|Any CPU
		{3BBA7C70-30A9-4E96-BCB8-13F48780E05A}.Debug|Any CPU.ActiveCfg = Debug|Any CPU
		{3BBA7C70-30A9-4E96-BCB8-13F48780E05A}.Debug|Any CPU.Build.0 = Debug|Any CPU
		{3BBA7C70-30A9-4E96-BCB8-13F48780E05A}.Release|Any CPU.ActiveCfg = Release|Any CPU
		{3BBA7C70-30A9-4E96-BCB8-13F48780E05A}.Release|Any CPU.Build.0 = Release|Any CPU
		{1740A3B9-AF5E-4B1C-8669-19BB6BC65530}.Debug|Any CPU.ActiveCfg = Debug|Any CPU
		{1740A3B9-AF5E-4B1C-8669-19BB6BC65530}.Debug|Any CPU.Build.0 = Debug|Any CPU
		{1740A3B9-AF5E-4B1C-8669-19BB6BC65530}.Release|Any CPU.ActiveCfg = Release|Any CPU
		{1740A3B9-AF5E-4B1C-8669-19BB6BC65530}.Release|Any CPU.Build.0 = Release|Any CPU
	EndGlobalSection
	GlobalSection(SolutionProperties) = preSolution
		HideSolutionNode = FALSE
	EndGlobalSection
	GlobalSection(ExtensibilityGlobals) = postSolution
		SolutionGuid = {F98DC1A7-9A80-4D1E-ADA0-8A2B753BE745}
	EndGlobalSection
EndGlobal
