
Microsoft Visual Studio Solution File, Format Version 12.00
# Visual Studio Version 16
VisualStudioVersion = 16.0.31613.86
MinimumVisualStudioVersion = 10.0.40219.1
Project("{FAE04EC0-301F-11D3-BF4B-00C04F79EFBC}") = "TheShop", "TheShop\TheShop.csproj", "{72C6A701-A607-4030-8A52-D004440C2AA1}"
EndProject
Project("{FAE04EC0-301F-11D3-BF4B-00C04F79EFBC}") = "TheShop.Domain", "TheShop.Domain\TheShop.Domain.csproj", "{A514AA1A-5542-44F9-A0DC-88BAB47DADC2}"
EndProject
Project("{FAE04EC0-301F-11D3-BF4B-00C04F79EFBC}") = "TheShop.Repository", "TheShop.Repository\TheShop.Repository.csproj", "{B88722B5-CC99-4DE6-BFB4-232B94C31300}"
EndProject
Project("{FAE04EC0-301F-11D3-BF4B-00C04F79EFBC}") = "TheShop.Services", "TheShop.Services\TheShop.Services.csproj", "{E606126A-3BED-4188-98A5-530B70758075}"
EndProject
Global
	GlobalSection(SolutionConfigurationPlatforms) = preSolution
		Debug|Any CPU = Debug|Any CPU
		Release|Any CPU = Release|Any CPU
	EndGlobalSection
	GlobalSection(ProjectConfigurationPlatforms) = postSolution
		{72C6A701-A607-4030-8A52-D004440C2AA1}.Debug|Any CPU.ActiveCfg = Debug|Any CPU
		{72C6A701-A607-4030-8A52-D004440C2AA1}.Debug|Any CPU.Build.0 = Debug|Any CPU
		{72C6A701-A607-4030-8A52-D004440C2AA1}.Release|Any CPU.ActiveCfg = Release|Any CPU
		{72C6A701-A607-4030-8A52-D004440C2AA1}.Release|Any CPU.Build.0 = Release|Any CPU
		{A514AA1A-5542-44F9-A0DC-88BAB47DADC2}.Debug|Any CPU.ActiveCfg = Debug|Any CPU
		{A514AA1A-5542-44F9-A0DC-88BAB47DADC2}.Debug|Any CPU.Build.0 = Debug|Any CPU
		{A514AA1A-5542-44F9-A0DC-88BAB47DADC2}.Release|Any CPU.ActiveCfg = Release|Any CPU
		{A514AA1A-5542-44F9-A0DC-88BAB47DADC2}.Release|Any CPU.Build.0 = Release|Any CPU
		{B88722B5-CC99-4DE6-BFB4-232B94C31300}.Debug|Any CPU.ActiveCfg = Debug|Any CPU
		{B88722B5-CC99-4DE6-BFB4-232B94C31300}.Debug|Any CPU.Build.0 = Debug|Any CPU
		{B88722B5-CC99-4DE6-BFB4-232B94C31300}.Release|Any CPU.ActiveCfg = Release|Any CPU
		{B88722B5-CC99-4DE6-BFB4-232B94C31300}.Release|Any CPU.Build.0 = Release|Any CPU
		{E606126A-3BED-4188-98A5-530B70758075}.Debug|Any CPU.ActiveCfg = Debug|Any CPU
		{E606126A-3BED-4188-98A5-530B70758075}.Debug|Any CPU.Build.0 = Debug|Any CPU
		{E606126A-3BED-4188-98A5-530B70758075}.Release|Any CPU.ActiveCfg = Release|Any CPU
		{E606126A-3BED-4188-98A5-530B70758075}.Release|Any CPU.Build.0 = Release|Any CPU
	EndGlobalSection
	GlobalSection(SolutionProperties) = preSolution
		HideSolutionNode = FALSE
	EndGlobalSection
	GlobalSection(ExtensibilityGlobals) = postSolution
		SolutionGuid = {F98DC1A7-9A80-4D1E-ADA0-8A2B753BE745}
	EndGlobalSection
EndGlobal
